// !$*UTF8*$!
{
	archiveVersion = 1;
	classes = {
	};
	objectVersion = 56;
	objects = {

/* Begin PBXBuildFile section */
		EA5BE4E62A907D8500ACB864 /* spajamApp.swift in Sources */ = {isa = PBXBuildFile; fileRef = EA5BE4E52A907D8500ACB864 /* spajamApp.swift */; };
		EA5BE4E82A907D8500ACB864 /* ContentView.swift in Sources */ = {isa = PBXBuildFile; fileRef = EA5BE4E72A907D8500ACB864 /* ContentView.swift */; };
		EA5BE4EA2A907D8700ACB864 /* Assets.xcassets in Resources */ = {isa = PBXBuildFile; fileRef = EA5BE4E92A907D8700ACB864 /* Assets.xcassets */; };
		EA5BE4EE2A907D8700ACB864 /* Preview Assets.xcassets in Resources */ = {isa = PBXBuildFile; fileRef = EA5BE4ED2A907D8700ACB864 /* Preview Assets.xcassets */; };
		EA5BE4F82A907D8700ACB864 /* spajamTests.swift in Sources */ = {isa = PBXBuildFile; fileRef = EA5BE4F72A907D8700ACB864 /* spajamTests.swift */; };
		EA5BE5022A907D8700ACB864 /* spajamUITests.swift in Sources */ = {isa = PBXBuildFile; fileRef = EA5BE5012A907D8700ACB864 /* spajamUITests.swift */; };
		EA5BE5042A907D8700ACB864 /* spajamUITestsLaunchTests.swift in Sources */ = {isa = PBXBuildFile; fileRef = EA5BE5032A907D8700ACB864 /* spajamUITestsLaunchTests.swift */; };
		EA5BE5142A90848E00ACB864 /* spajamModel.swift in Sources */ = {isa = PBXBuildFile; fileRef = EA5BE5132A90848E00ACB864 /* spajamModel.swift */; };
/* End PBXBuildFile section */

/* Begin PBXContainerItemProxy section */
		EA5BE4F42A907D8700ACB864 /* PBXContainerItemProxy */ = {
			isa = PBXContainerItemProxy;
			containerPortal = EA5BE4DA2A907D8500ACB864 /* Project object */;
			proxyType = 1;
			remoteGlobalIDString = EA5BE4E12A907D8500ACB864;
			remoteInfo = spajam;
		};
		EA5BE4FE2A907D8700ACB864 /* PBXContainerItemProxy */ = {
			isa = PBXContainerItemProxy;
			containerPortal = EA5BE4DA2A907D8500ACB864 /* Project object */;
			proxyType = 1;
			remoteGlobalIDString = EA5BE4E12A907D8500ACB864;
			remoteInfo = spajam;
		};
/* End PBXContainerItemProxy section */

/* Begin PBXFileReference section */
		EA5BE4E22A907D8500ACB864 /* spajam.app */ = {isa = PBXFileReference; explicitFileType = wrapper.application; includeInIndex = 0; path = spajam.app; sourceTree = BUILT_PRODUCTS_DIR; };
		EA5BE4E52A907D8500ACB864 /* spajamApp.swift */ = {isa = PBXFileReference; lastKnownFileType = sourcecode.swift; path = spajamApp.swift; sourceTree = "<group>"; };
		EA5BE4E72A907D8500ACB864 /* ContentView.swift */ = {isa = PBXFileReference; lastKnownFileType = sourcecode.swift; path = ContentView.swift; sourceTree = "<group>"; };
		EA5BE4E92A907D8700ACB864 /* Assets.xcassets */ = {isa = PBXFileReference; lastKnownFileType = folder.assetcatalog; path = Assets.xcassets; sourceTree = "<group>"; };
		EA5BE4EB2A907D8700ACB864 /* spajam.entitlements */ = {isa = PBXFileReference; lastKnownFileType = text.plist.entitlements; path = spajam.entitlements; sourceTree = "<group>"; };
		EA5BE4ED2A907D8700ACB864 /* Preview Assets.xcassets */ = {isa = PBXFileReference; lastKnownFileType = folder.assetcatalog; path = "Preview Assets.xcassets"; sourceTree = "<group>"; };
		EA5BE4F32A907D8700ACB864 /* spajamTests.xctest */ = {isa = PBXFileReference; explicitFileType = wrapper.cfbundle; includeInIndex = 0; path = spajamTests.xctest; sourceTree = BUILT_PRODUCTS_DIR; };
		EA5BE4F72A907D8700ACB864 /* spajamTests.swift */ = {isa = PBXFileReference; lastKnownFileType = sourcecode.swift; path = spajamTests.swift; sourceTree = "<group>"; };
		EA5BE4FD2A907D8700ACB864 /* spajamUITests.xctest */ = {isa = PBXFileReference; explicitFileType = wrapper.cfbundle; includeInIndex = 0; path = spajamUITests.xctest; sourceTree = BUILT_PRODUCTS_DIR; };
		EA5BE5012A907D8700ACB864 /* spajamUITests.swift */ = {isa = PBXFileReference; lastKnownFileType = sourcecode.swift; path = spajamUITests.swift; sourceTree = "<group>"; };
		EA5BE5032A907D8700ACB864 /* spajamUITestsLaunchTests.swift */ = {isa = PBXFileReference; lastKnownFileType = sourcecode.swift; path = spajamUITestsLaunchTests.swift; sourceTree = "<group>"; };
		EA5BE5132A90848E00ACB864 /* spajamModel.swift */ = {isa = PBXFileReference; lastKnownFileType = sourcecode.swift; path = spajamModel.swift; sourceTree = "<group>"; };
/* End PBXFileReference section */

/* Begin PBXFrameworksBuildPhase section */
		EA5BE4DF2A907D8500ACB864 /* Frameworks */ = {
			isa = PBXFrameworksBuildPhase;
			buildActionMask = 2147483647;
			files = (
			);
			runOnlyForDeploymentPostprocessing = 0;
		};
		EA5BE4F02A907D8700ACB864 /* Frameworks */ = {
			isa = PBXFrameworksBuildPhase;
			buildActionMask = 2147483647;
			files = (
			);
			runOnlyForDeploymentPostprocessing = 0;
		};
		EA5BE4FA2A907D8700ACB864 /* Frameworks */ = {
			isa = PBXFrameworksBuildPhase;
			buildActionMask = 2147483647;
			files = (
			);
			runOnlyForDeploymentPostprocessing = 0;
		};
/* End PBXFrameworksBuildPhase section */

/* Begin PBXGroup section */
		EA5BE4D92A907D8500ACB864 = {
			isa = PBXGroup;
			children = (
				EA5BE4E42A907D8500ACB864 /* spajam */,
				EA5BE4F62A907D8700ACB864 /* spajamTests */,
				EA5BE5002A907D8700ACB864 /* spajamUITests */,
				EA5BE4E32A907D8500ACB864 /* Products */,
			);
			sourceTree = "<group>";
		};
		EA5BE4E32A907D8500ACB864 /* Products */ = {
			isa = PBXGroup;
			children = (
				EA5BE4E22A907D8500ACB864 /* spajam.app */,
				EA5BE4F32A907D8700ACB864 /* spajamTests.xctest */,
				EA5BE4FD2A907D8700ACB864 /* spajamUITests.xctest */,
			);
			name = Products;
			sourceTree = "<group>";
		};
		EA5BE4E42A907D8500ACB864 /* spajam */ = {
			isa = PBXGroup;
			children = (
				EA5BE5122A907FA800ACB864 /* ViewModels */,
				EA5BE5112A907F9D00ACB864 /* Models */,
				EA5BE5102A907F9500ACB864 /* Views */,
				EA5BE4E52A907D8500ACB864 /* spajamApp.swift */,
				EA5BE4E92A907D8700ACB864 /* Assets.xcassets */,
				EA5BE4EB2A907D8700ACB864 /* spajam.entitlements */,
				EA5BE4EC2A907D8700ACB864 /* Preview Content */,
			);
			path = spajam;
			sourceTree = "<group>";
		};
		EA5BE4EC2A907D8700ACB864 /* Preview Content */ = {
			isa = PBXGroup;
			children = (
				EA5BE4ED2A907D8700ACB864 /* Preview Assets.xcassets */,
			);
			path = "Preview Content";
			sourceTree = "<group>";
		};
		EA5BE4F62A907D8700ACB864 /* spajamTests */ = {
			isa = PBXGroup;
			children = (
				EA5BE4F72A907D8700ACB864 /* spajamTests.swift */,
			);
			path = spajamTests;
			sourceTree = "<group>";
		};
		EA5BE5002A907D8700ACB864 /* spajamUITests */ = {
			isa = PBXGroup;
			children = (
				EA5BE5012A907D8700ACB864 /* spajamUITests.swift */,
				EA5BE5032A907D8700ACB864 /* spajamUITestsLaunchTests.swift */,
			);
			path = spajamUITests;
			sourceTree = "<group>";
		};
		EA5BE5102A907F9500ACB864 /* Views */ = {
			isa = PBXGroup;
			children = (
				EA5BE4E72A907D8500ACB864 /* ContentView.swift */,
			);
			path = Views;
			sourceTree = "<group>";
		};
		EA5BE5112A907F9D00ACB864 /* Models */ = {
			isa = PBXGroup;
			children = (
				EA5BE5132A90848E00ACB864 /* spajamModel.swift */,
			);
			path = Models;
			sourceTree = "<group>";
		};
		EA5BE5122A907FA800ACB864 /* ViewModels */ = {
			isa = PBXGroup;
			children = (
			);
			path = ViewModels;
			sourceTree = "<group>";
		};
/* End PBXGroup section */

/* Begin PBXNativeTarget section */
		EA5BE4E12A907D8500ACB864 /* spajam */ = {
			isa = PBXNativeTarget;
			buildConfigurationList = EA5BE5072A907D8700ACB864 /* Build configuration list for PBXNativeTarget "spajam" */;
			buildPhases = (
				EA5BE4DE2A907D8500ACB864 /* Sources */,
				EA5BE4DF2A907D8500ACB864 /* Frameworks */,
				EA5BE4E02A907D8500ACB864 /* Resources */,
			);
			buildRules = (
			);
			dependencies = (
			);
			name = spajam;
			productName = spajam;
			productReference = EA5BE4E22A907D8500ACB864 /* spajam.app */;
			productType = "com.apple.product-type.application";
		};
		EA5BE4F22A907D8700ACB864 /* spajamTests */ = {
			isa = PBXNativeTarget;
			buildConfigurationList = EA5BE50A2A907D8700ACB864 /* Build configuration list for PBXNativeTarget "spajamTests" */;
			buildPhases = (
				EA5BE4EF2A907D8700ACB864 /* Sources */,
				EA5BE4F02A907D8700ACB864 /* Frameworks */,
				EA5BE4F12A907D8700ACB864 /* Resources */,
			);
			buildRules = (
			);
			dependencies = (
				EA5BE4F52A907D8700ACB864 /* PBXTargetDependency */,
			);
			name = spajamTests;
			productName = spajamTests;
			productReference = EA5BE4F32A907D8700ACB864 /* spajamTests.xctest */;
			productType = "com.apple.product-type.bundle.unit-test";
		};
		EA5BE4FC2A907D8700ACB864 /* spajamUITests */ = {
			isa = PBXNativeTarget;
			buildConfigurationList = EA5BE50D2A907D8700ACB864 /* Build configuration list for PBXNativeTarget "spajamUITests" */;
			buildPhases = (
				EA5BE4F92A907D8700ACB864 /* Sources */,
				EA5BE4FA2A907D8700ACB864 /* Frameworks */,
				EA5BE4FB2A907D8700ACB864 /* Resources */,
			);
			buildRules = (
			);
			dependencies = (
				EA5BE4FF2A907D8700ACB864 /* PBXTargetDependency */,
			);
			name = spajamUITests;
			productName = spajamUITests;
			productReference = EA5BE4FD2A907D8700ACB864 /* spajamUITests.xctest */;
			productType = "com.apple.product-type.bundle.ui-testing";
		};
/* End PBXNativeTarget section */

/* Begin PBXProject section */
		EA5BE4DA2A907D8500ACB864 /* Project object */ = {
			isa = PBXProject;
			attributes = {
				BuildIndependentTargetsInParallel = 1;
				LastSwiftUpdateCheck = 1420;
				LastUpgradeCheck = 1420;
				TargetAttributes = {
					EA5BE4E12A907D8500ACB864 = {
						CreatedOnToolsVersion = 14.2;
					};
					EA5BE4F22A907D8700ACB864 = {
						CreatedOnToolsVersion = 14.2;
						TestTargetID = EA5BE4E12A907D8500ACB864;
					};
					EA5BE4FC2A907D8700ACB864 = {
						CreatedOnToolsVersion = 14.2;
						TestTargetID = EA5BE4E12A907D8500ACB864;
					};
				};
			};
			buildConfigurationList = EA5BE4DD2A907D8500ACB864 /* Build configuration list for PBXProject "spajam" */;
			compatibilityVersion = "Xcode 14.0";
			developmentRegion = en;
			hasScannedForEncodings = 0;
			knownRegions = (
				en,
				Base,
			);
			mainGroup = EA5BE4D92A907D8500ACB864;
			productRefGroup = EA5BE4E32A907D8500ACB864 /* Products */;
			projectDirPath = "";
			projectRoot = "";
			targets = (
				EA5BE4E12A907D8500ACB864 /* spajam */,
				EA5BE4F22A907D8700ACB864 /* spajamTests */,
				EA5BE4FC2A907D8700ACB864 /* spajamUITests */,
			);
		};
/* End PBXProject section */

/* Begin PBXResourcesBuildPhase section */
		EA5BE4E02A907D8500ACB864 /* Resources */ = {
			isa = PBXResourcesBuildPhase;
			buildActionMask = 2147483647;
			files = (
				EA5BE4EE2A907D8700ACB864 /* Preview Assets.xcassets in Resources */,
				EA5BE4EA2A907D8700ACB864 /* Assets.xcassets in Resources */,
			);
			runOnlyForDeploymentPostprocessing = 0;
		};
		EA5BE4F12A907D8700ACB864 /* Resources */ = {
			isa = PBXResourcesBuildPhase;
			buildActionMask = 2147483647;
			files = (
			);
			runOnlyForDeploymentPostprocessing = 0;
		};
		EA5BE4FB2A907D8700ACB864 /* Resources */ = {
			isa = PBXResourcesBuildPhase;
			buildActionMask = 2147483647;
			files = (
			);
			runOnlyForDeploymentPostprocessing = 0;
		};
/* End PBXResourcesBuildPhase section */

/* Begin PBXSourcesBuildPhase section */
		EA5BE4DE2A907D8500ACB864 /* Sources */ = {
			isa = PBXSourcesBuildPhase;
			buildActionMask = 2147483647;
			files = (
				EA5BE4E82A907D8500ACB864 /* ContentView.swift in Sources */,
				EA5BE4E62A907D8500ACB864 /* spajamApp.swift in Sources */,
				EA5BE5142A90848E00ACB864 /* spajamModel.swift in Sources */,
			);
			runOnlyForDeploymentPostprocessing = 0;
		};
		EA5BE4EF2A907D8700ACB864 /* Sources */ = {
			isa = PBXSourcesBuildPhase;
			buildActionMask = 2147483647;
			files = (
				EA5BE4F82A907D8700ACB864 /* spajamTests.swift in Sources */,
			);
			runOnlyForDeploymentPostprocessing = 0;
		};
		EA5BE4F92A907D8700ACB864 /* Sources */ = {
			isa = PBXSourcesBuildPhase;
			buildActionMask = 2147483647;
			files = (
				EA5BE5042A907D8700ACB864 /* spajamUITestsLaunchTests.swift in Sources */,
				EA5BE5022A907D8700ACB864 /* spajamUITests.swift in Sources */,
			);
			runOnlyForDeploymentPostprocessing = 0;
		};
/* End PBXSourcesBuildPhase section */

/* Begin PBXTargetDependency section */
		EA5BE4F52A907D8700ACB864 /* PBXTargetDependency */ = {
			isa = PBXTargetDependency;
			target = EA5BE4E12A907D8500ACB864 /* spajam */;
			targetProxy = EA5BE4F42A907D8700ACB864 /* PBXContainerItemProxy */;
		};
		EA5BE4FF2A907D8700ACB864 /* PBXTargetDependency */ = {
			isa = PBXTargetDependency;
			target = EA5BE4E12A907D8500ACB864 /* spajam */;
			targetProxy = EA5BE4FE2A907D8700ACB864 /* PBXContainerItemProxy */;
		};
/* End PBXTargetDependency section */

/* Begin XCBuildConfiguration section */
		EA5BE5052A907D8700ACB864 /* Debug */ = {
			isa = XCBuildConfiguration;
			buildSettings = {
				ALWAYS_SEARCH_USER_PATHS = NO;
				CLANG_ANALYZER_NONNULL = YES;
				CLANG_ANALYZER_NUMBER_OBJECT_CONVERSION = YES_AGGRESSIVE;
				CLANG_CXX_LANGUAGE_STANDARD = "gnu++20";
				CLANG_ENABLE_MODULES = YES;
				CLANG_ENABLE_OBJC_ARC = YES;
				CLANG_ENABLE_OBJC_WEAK = YES;
				CLANG_WARN_BLOCK_CAPTURE_AUTORELEASING = YES;
				CLANG_WARN_BOOL_CONVERSION = YES;
				CLANG_WARN_COMMA = YES;
				CLANG_WARN_CONSTANT_CONVERSION = YES;
				CLANG_WARN_DEPRECATED_OBJC_IMPLEMENTATIONS = YES;
				CLANG_WARN_DIRECT_OBJC_ISA_USAGE = YES_ERROR;
				CLANG_WARN_DOCUMENTATION_COMMENTS = YES;
				CLANG_WARN_EMPTY_BODY = YES;
				CLANG_WARN_ENUM_CONVERSION = YES;
				CLANG_WARN_INFINITE_RECURSION = YES;
				CLANG_WARN_INT_CONVERSION = YES;
				CLANG_WARN_NON_LITERAL_NULL_CONVERSION = YES;
				CLANG_WARN_OBJC_IMPLICIT_RETAIN_SELF = YES;
				CLANG_WARN_OBJC_LITERAL_CONVERSION = YES;
				CLANG_WARN_OBJC_ROOT_CLASS = YES_ERROR;
				CLANG_WARN_QUOTED_INCLUDE_IN_FRAMEWORK_HEADER = YES;
				CLANG_WARN_RANGE_LOOP_ANALYSIS = YES;
				CLANG_WARN_STRICT_PROTOTYPES = YES;
				CLANG_WARN_SUSPICIOUS_MOVE = YES;
				CLANG_WARN_UNGUARDED_AVAILABILITY = YES_AGGRESSIVE;
				CLANG_WARN_UNREACHABLE_CODE = YES;
				CLANG_WARN__DUPLICATE_METHOD_MATCH = YES;
				COPY_PHASE_STRIP = NO;
				DEBUG_INFORMATION_FORMAT = dwarf;
				ENABLE_STRICT_OBJC_MSGSEND = YES;
				ENABLE_TESTABILITY = YES;
				GCC_C_LANGUAGE_STANDARD = gnu11;
				GCC_DYNAMIC_NO_PIC = NO;
				GCC_NO_COMMON_BLOCKS = YES;
				GCC_OPTIMIZATION_LEVEL = 0;
				GCC_PREPROCESSOR_DEFINITIONS = (
					"DEBUG=1",
					"$(inherited)",
				);
				GCC_WARN_64_TO_32_BIT_CONVERSION = YES;
				GCC_WARN_ABOUT_RETURN_TYPE = YES_ERROR;
				GCC_WARN_UNDECLARED_SELECTOR = YES;
				GCC_WARN_UNINITIALIZED_AUTOS = YES_AGGRESSIVE;
				GCC_WARN_UNUSED_FUNCTION = YES;
				GCC_WARN_UNUSED_VARIABLE = YES;
				MTL_ENABLE_DEBUG_INFO = INCLUDE_SOURCE;
				MTL_FAST_MATH = YES;
				ONLY_ACTIVE_ARCH = YES;
				SWIFT_ACTIVE_COMPILATION_CONDITIONS = DEBUG;
				SWIFT_OPTIMIZATION_LEVEL = "-Onone";
			};
			name = Debug;
		};
		EA5BE5062A907D8700ACB864 /* Release */ = {
			isa = XCBuildConfiguration;
			buildSettings = {
				ALWAYS_SEARCH_USER_PATHS = NO;
				CLANG_ANALYZER_NONNULL = YES;
				CLANG_ANALYZER_NUMBER_OBJECT_CONVERSION = YES_AGGRESSIVE;
				CLANG_CXX_LANGUAGE_STANDARD = "gnu++20";
				CLANG_ENABLE_MODULES = YES;
				CLANG_ENABLE_OBJC_ARC = YES;
				CLANG_ENABLE_OBJC_WEAK = YES;
				CLANG_WARN_BLOCK_CAPTURE_AUTORELEASING = YES;
				CLANG_WARN_BOOL_CONVERSION = YES;
				CLANG_WARN_COMMA = YES;
				CLANG_WARN_CONSTANT_CONVERSION = YES;
				CLANG_WARN_DEPRECATED_OBJC_IMPLEMENTATIONS = YES;
				CLANG_WARN_DIRECT_OBJC_ISA_USAGE = YES_ERROR;
				CLANG_WARN_DOCUMENTATION_COMMENTS = YES;
				CLANG_WARN_EMPTY_BODY = YES;
				CLANG_WARN_ENUM_CONVERSION = YES;
				CLANG_WARN_INFINITE_RECURSION = YES;
				CLANG_WARN_INT_CONVERSION = YES;
				CLANG_WARN_NON_LITERAL_NULL_CONVERSION = YES;
				CLANG_WARN_OBJC_IMPLICIT_RETAIN_SELF = YES;
				CLANG_WARN_OBJC_LITERAL_CONVERSION = YES;
				CLANG_WARN_OBJC_ROOT_CLASS = YES_ERROR;
				CLANG_WARN_QUOTED_INCLUDE_IN_FRAMEWORK_HEADER = YES;
				CLANG_WARN_RANGE_LOOP_ANALYSIS = YES;
				CLANG_WARN_STRICT_PROTOTYPES = YES;
				CLANG_WARN_SUSPICIOUS_MOVE = YES;
				CLANG_WARN_UNGUARDED_AVAILABILITY = YES_AGGRESSIVE;
				CLANG_WARN_UNREACHABLE_CODE = YES;
				CLANG_WARN__DUPLICATE_METHOD_MATCH = YES;
				COPY_PHASE_STRIP = NO;
				DEBUG_INFORMATION_FORMAT = "dwarf-with-dsym";
				ENABLE_NS_ASSERTIONS = NO;
				ENABLE_STRICT_OBJC_MSGSEND = YES;
				GCC_C_LANGUAGE_STANDARD = gnu11;
				GCC_NO_COMMON_BLOCKS = YES;
				GCC_WARN_64_TO_32_BIT_CONVERSION = YES;
				GCC_WARN_ABOUT_RETURN_TYPE = YES_ERROR;
				GCC_WARN_UNDECLARED_SELECTOR = YES;
				GCC_WARN_UNINITIALIZED_AUTOS = YES_AGGRESSIVE;
				GCC_WARN_UNUSED_FUNCTION = YES;
				GCC_WARN_UNUSED_VARIABLE = YES;
				MTL_ENABLE_DEBUG_INFO = NO;
				MTL_FAST_MATH = YES;
				SWIFT_COMPILATION_MODE = wholemodule;
				SWIFT_OPTIMIZATION_LEVEL = "-O";
			};
			name = Release;
		};
		EA5BE5082A907D8700ACB864 /* Debug */ = {
			isa = XCBuildConfiguration;
			buildSettings = {
				ASSETCATALOG_COMPILER_APPICON_NAME = AppIcon;
				ASSETCATALOG_COMPILER_GLOBAL_ACCENT_COLOR_NAME = AccentColor;
				CODE_SIGN_ENTITLEMENTS = spajam/spajam.entitlements;
				CODE_SIGN_STYLE = Automatic;
				CURRENT_PROJECT_VERSION = 1;
				DEVELOPMENT_ASSET_PATHS = "\"spajam/Preview Content\"";
				DEVELOPMENT_TEAM = S54F67Z859;
				ENABLE_HARDENED_RUNTIME = YES;
				ENABLE_PREVIEWS = YES;
				GENERATE_INFOPLIST_FILE = YES;
				"INFOPLIST_KEY_UIApplicationSceneManifest_Generation[sdk=iphoneos*]" = YES;
				"INFOPLIST_KEY_UIApplicationSceneManifest_Generation[sdk=iphonesimulator*]" = YES;
				"INFOPLIST_KEY_UIApplicationSupportsIndirectInputEvents[sdk=iphoneos*]" = YES;
				"INFOPLIST_KEY_UIApplicationSupportsIndirectInputEvents[sdk=iphonesimulator*]" = YES;
				"INFOPLIST_KEY_UILaunchScreen_Generation[sdk=iphoneos*]" = YES;
				"INFOPLIST_KEY_UILaunchScreen_Generation[sdk=iphonesimulator*]" = YES;
				"INFOPLIST_KEY_UIStatusBarStyle[sdk=iphoneos*]" = UIStatusBarStyleDefault;
				"INFOPLIST_KEY_UIStatusBarStyle[sdk=iphonesimulator*]" = UIStatusBarStyleDefault;
				INFOPLIST_KEY_UISupportedInterfaceOrientations_iPad = "UIInterfaceOrientationPortrait UIInterfaceOrientationPortraitUpsideDown UIInterfaceOrientationLandscapeLeft UIInterfaceOrientationLandscapeRight";
				INFOPLIST_KEY_UISupportedInterfaceOrientations_iPhone = "UIInterfaceOrientationPortrait UIInterfaceOrientationLandscapeLeft UIInterfaceOrientationLandscapeRight";
				IPHONEOS_DEPLOYMENT_TARGET = 16.2;
				LD_RUNPATH_SEARCH_PATHS = "@executable_path/Frameworks";
				"LD_RUNPATH_SEARCH_PATHS[sdk=macosx*]" = "@executable_path/../Frameworks";
				MACOSX_DEPLOYMENT_TARGET = 12.6;
				MARKETING_VERSION = 1.0;
				PRODUCT_BUNDLE_IDENTIFIER = "yuta-kinouchi.spajam";
				PRODUCT_NAME = "$(TARGET_NAME)";
				SDKROOT = auto;
				SUPPORTED_PLATFORMS = "iphoneos iphonesimulator macosx";
				SWIFT_EMIT_LOC_STRINGS = YES;
				SWIFT_VERSION = 5.0;
				TARGETED_DEVICE_FAMILY = "1,2";
			};
			name = Debug;
		};
		EA5BE5092A907D8700ACB864 /* Release */ = {
			isa = XCBuildConfiguration;
			buildSettings = {
				ASSETCATALOG_COMPILER_APPICON_NAME = AppIcon;
				ASSETCATALOG_COMPILER_GLOBAL_ACCENT_COLOR_NAME = AccentColor;
				CODE_SIGN_ENTITLEMENTS = spajam/spajam.entitlements;
				CODE_SIGN_STYLE = Automatic;
				CURRENT_PROJECT_VERSION = 1;
				DEVELOPMENT_ASSET_PATHS = "\"spajam/Preview Content\"";
				DEVELOPMENT_TEAM = S54F67Z859;
				ENABLE_HARDENED_RUNTIME = YES;
				ENABLE_PREVIEWS = YES;
				GENERATE_INFOPLIST_FILE = YES;
				"INFOPLIST_KEY_UIApplicationSceneManifest_Generation[sdk=iphoneos*]" = YES;
				"INFOPLIST_KEY_UIApplicationSceneManifest_Generation[sdk=iphonesimulator*]" = YES;
				"INFOPLIST_KEY_UIApplicationSupportsIndirectInputEvents[sdk=iphoneos*]" = YES;
				"INFOPLIST_KEY_UIApplicationSupportsIndirectInputEvents[sdk=iphonesimulator*]" = YES;
				"INFOPLIST_KEY_UILaunchScreen_Generation[sdk=iphoneos*]" = YES;
				"INFOPLIST_KEY_UILaunchScreen_Generation[sdk=iphonesimulator*]" = YES;
				"INFOPLIST_KEY_UIStatusBarStyle[sdk=iphoneos*]" = UIStatusBarStyleDefault;
				"INFOPLIST_KEY_UIStatusBarStyle[sdk=iphonesimulator*]" = UIStatusBarStyleDefault;
				INFOPLIST_KEY_UISupportedInterfaceOrientations_iPad = "UIInterfaceOrientationPortrait UIInterfaceOrientationPortraitUpsideDown UIInterfaceOrientationLandscapeLeft UIInterfaceOrientationLandscapeRight";
				INFOPLIST_KEY_UISupportedInterfaceOrientations_iPhone = "UIInterfaceOrientationPortrait UIInterfaceOrientationLandscapeLeft UIInterfaceOrientationLandscapeRight";
				IPHONEOS_DEPLOYMENT_TARGET = 16.2;
				LD_RUNPATH_SEARCH_PATHS = "@executable_path/Frameworks";
				"LD_RUNPATH_SEARCH_PATHS[sdk=macosx*]" = "@executable_path/../Frameworks";
				MACOSX_DEPLOYMENT_TARGET = 12.6;
				MARKETING_VERSION = 1.0;
				PRODUCT_BUNDLE_IDENTIFIER = "yuta-kinouchi.spajam";
				PRODUCT_NAME = "$(TARGET_NAME)";
				SDKROOT = auto;
				SUPPORTED_PLATFORMS = "iphoneos iphonesimulator macosx";
				SWIFT_EMIT_LOC_STRINGS = YES;
				SWIFT_VERSION = 5.0;
				TARGETED_DEVICE_FAMILY = "1,2";
			};
			name = Release;
		};
		EA5BE50B2A907D8700ACB864 /* Debug */ = {
			isa = XCBuildConfiguration;
			buildSettings = {
				ALWAYS_EMBED_SWIFT_STANDARD_LIBRARIES = YES;
				BUNDLE_LOADER = "$(TEST_HOST)";
				CODE_SIGN_STYLE = Automatic;
				CURRENT_PROJECT_VERSION = 1;
				DEVELOPMENT_TEAM = S54F67Z859;
				GENERATE_INFOPLIST_FILE = YES;
				IPHONEOS_DEPLOYMENT_TARGET = 16.2;
				MACOSX_DEPLOYMENT_TARGET = 12.6;
				MARKETING_VERSION = 1.0;
				PRODUCT_BUNDLE_IDENTIFIER = "yuta-kinouchi.spajamTests";
				PRODUCT_NAME = "$(TARGET_NAME)";
				SDKROOT = auto;
				SUPPORTED_PLATFORMS = "iphoneos iphonesimulator macosx";
				SWIFT_EMIT_LOC_STRINGS = NO;
				SWIFT_VERSION = 5.0;
				TARGETED_DEVICE_FAMILY = "1,2";
				TEST_HOST = "$(BUILT_PRODUCTS_DIR)/spajam.app/$(BUNDLE_EXECUTABLE_FOLDER_PATH)/spajam";
			};
			name = Debug;
		};
		EA5BE50C2A907D8700ACB864 /* Release */ = {
			isa = XCBuildConfiguration;
			buildSettings = {
				ALWAYS_EMBED_SWIFT_STANDARD_LIBRARIES = YES;
				BUNDLE_LOADER = "$(TEST_HOST)";
				CODE_SIGN_STYLE = Automatic;
				CURRENT_PROJECT_VERSION = 1;
				DEVELOPMENT_TEAM = S54F67Z859;
				GENERATE_INFOPLIST_FILE = YES;
				IPHONEOS_DEPLOYMENT_TARGET = 16.2;
				MACOSX_DEPLOYMENT_TARGET = 12.6;
				MARKETING_VERSION = 1.0;
				PRODUCT_BUNDLE_IDENTIFIER = "yuta-kinouchi.spajamTests";
				PRODUCT_NAME = "$(TARGET_NAME)";
				SDKROOT = auto;
				SUPPORTED_PLATFORMS = "iphoneos iphonesimulator macosx";
				SWIFT_EMIT_LOC_STRINGS = NO;
				SWIFT_VERSION = 5.0;
				TARGETED_DEVICE_FAMILY = "1,2";
				TEST_HOST = "$(BUILT_PRODUCTS_DIR)/spajam.app/$(BUNDLE_EXECUTABLE_FOLDER_PATH)/spajam";
			};
			name = Release;
		};
		EA5BE50E2A907D8700ACB864 /* Debug */ = {
			isa = XCBuildConfiguration;
			buildSettings = {
				ALWAYS_EMBED_SWIFT_STANDARD_LIBRARIES = YES;
				CODE_SIGN_STYLE = Automatic;
				CURRENT_PROJECT_VERSION = 1;
				DEVELOPMENT_TEAM = S54F67Z859;
				GENERATE_INFOPLIST_FILE = YES;
				IPHONEOS_DEPLOYMENT_TARGET = 16.2;
				MACOSX_DEPLOYMENT_TARGET = 12.6;
				MARKETING_VERSION = 1.0;
				PRODUCT_BUNDLE_IDENTIFIER = "yuta-kinouchi.spajamUITests";
				PRODUCT_NAME = "$(TARGET_NAME)";
				SDKROOT = auto;
				SUPPORTED_PLATFORMS = "iphoneos iphonesimulator macosx";
				SWIFT_EMIT_LOC_STRINGS = NO;
				SWIFT_VERSION = 5.0;
				TARGETED_DEVICE_FAMILY = "1,2";
				TEST_TARGET_NAME = spajam;
			};
			name = Debug;
		};
		EA5BE50F2A907D8700ACB864 /* Release */ = {
			isa = XCBuildConfiguration;
			buildSettings = {
				ALWAYS_EMBED_SWIFT_STANDARD_LIBRARIES = YES;
				CODE_SIGN_STYLE = Automatic;
				CURRENT_PROJECT_VERSION = 1;
				DEVELOPMENT_TEAM = S54F67Z859;
				GENERATE_INFOPLIST_FILE = YES;
				IPHONEOS_DEPLOYMENT_TARGET = 16.2;
				MACOSX_DEPLOYMENT_TARGET = 12.6;
				MARKETING_VERSION = 1.0;
				PRODUCT_BUNDLE_IDENTIFIER = "yuta-kinouchi.spajamUITests";
				PRODUCT_NAME = "$(TARGET_NAME)";
				SDKROOT = auto;
				SUPPORTED_PLATFORMS = "iphoneos iphonesimulator macosx";
				SWIFT_EMIT_LOC_STRINGS = NO;
				SWIFT_VERSION = 5.0;
				TARGETED_DEVICE_FAMILY = "1,2";
				TEST_TARGET_NAME = spajam;
			};
			name = Release;
		};
/* End XCBuildConfiguration section */

/* Begin XCConfigurationList section */
		EA5BE4DD2A907D8500ACB864 /* Build configuration list for PBXProject "spajam" */ = {
			isa = XCConfigurationList;
			buildConfigurations = (
				EA5BE5052A907D8700ACB864 /* Debug */,
				EA5BE5062A907D8700ACB864 /* Release */,
			);
			defaultConfigurationIsVisible = 0;
			defaultConfigurationName = Release;
		};
		EA5BE5072A907D8700ACB864 /* Build configuration list for PBXNativeTarget "spajam" */ = {
			isa = XCConfigurationList;
			buildConfigurations = (
				EA5BE5082A907D8700ACB864 /* Debug */,
				EA5BE5092A907D8700ACB864 /* Release */,
			);
			defaultConfigurationIsVisible = 0;
			defaultConfigurationName = Release;
		};
		EA5BE50A2A907D8700ACB864 /* Build configuration list for PBXNativeTarget "spajamTests" */ = {
			isa = XCConfigurationList;
			buildConfigurations = (
				EA5BE50B2A907D8700ACB864 /* Debug */,
				EA5BE50C2A907D8700ACB864 /* Release */,
			);
			defaultConfigurationIsVisible = 0;
			defaultConfigurationName = Release;
		};
		EA5BE50D2A907D8700ACB864 /* Build configuration list for PBXNativeTarget "spajamUITests" */ = {
			isa = XCConfigurationList;
			buildConfigurations = (
				EA5BE50E2A907D8700ACB864 /* Debug */,
				EA5BE50F2A907D8700ACB864 /* Release */,
			);
			defaultConfigurationIsVisible = 0;
			defaultConfigurationName = Release;
		};
/* End XCConfigurationList section */
	};
	rootObject = EA5BE4DA2A907D8500ACB864 /* Project object */;
}
